
Microsoft Visual Studio Solution File, Format Version 12.00
# Visual Studio Version 16
VisualStudioVersion = 16.0.30413.136
MinimumVisualStudioVersion = 10.0.40219.1
Project("{9A19103F-16F7-4668-BE54-9A1E7A4F7556}") = "FormulaEvaluator", "FormulaEvaluator\FormulaEvaluator.csproj", "{391877C6-29E5-4667-9E1C-629594FAE734}"
EndProject
Project("{9A19103F-16F7-4668-BE54-9A1E7A4F7556}") = "FormulaEvaluatorTests", "FormulaEvaluatorTests\FormulaEvaluatorTests.csproj", "{E910E654-5FDB-487F-B511-F84F31E12046}"
	ProjectSection(ProjectDependencies) = postProject
		{391877C6-29E5-4667-9E1C-629594FAE734} = {391877C6-29E5-4667-9E1C-629594FAE734}
	EndProjectSection
EndProject
Project("{9A19103F-16F7-4668-BE54-9A1E7A4F7556}") = "DependencyGraph", "DependencyGraph\DependencyGraph.csproj", "{2CB7296A-5ADC-467A-8D7F-14BDBF53CFFB}"
EndProject
Project("{9A19103F-16F7-4668-BE54-9A1E7A4F7556}") = "DependencyGraphTests", "DependencyGraphTests\DependencyGraphTests.csproj", "{9D206523-9769-4F02-AC3B-72292397BEEA}"
EndProject
Project("{9A19103F-16F7-4668-BE54-9A1E7A4F7556}") = "Formula", "Formula\Formula.csproj", "{AFB9B79C-9621-48E1-86DF-25DF4B1308F7}"
EndProject
Project("{9A19103F-16F7-4668-BE54-9A1E7A4F7556}") = "FormulaTests", "FormulaTests\FormulaTests.csproj", "{3EB33E37-9F21-4FA2-9F43-F0E780AA4E70}"
EndProject
Project("{9A19103F-16F7-4668-BE54-9A1E7A4F7556}") = "Spreadsheet", "Spreadsheet\Spreadsheet.csproj", "{F0B7694C-73AC-441F-BC5F-56C3BE69AD26}"
EndProject
Project("{9A19103F-16F7-4668-BE54-9A1E7A4F7556}") = "SpreadsheetTests", "SpreadsheetTests\SpreadsheetTests.csproj", "{23D53310-9ED3-4DA3-B74A-C397F00390FB}"
EndProject
Project("{FAE04EC0-301F-11D3-BF4B-00C04F79EFBC}") = "SpreadsheetGUI", "SpreadsheetGUI\SpreadsheetGUI.csproj", "{8186875B-B1D8-406E-B334-D52213B7E212}"
EndProject
Project("{FAE04EC0-301F-11D3-BF4B-00C04F79EFBC}") = "SpreadsheetPanel", "SpreadsheetPanel\SpreadsheetPanel.csproj", "{C2A99EB0-E146-4121-95F2-30C45B898C93}"
EndProject
Project("{FAE04EC0-301F-11D3-BF4B-00C04F79EFBC}") = "SpreadsheetController", "SpreadsheetController\SpreadsheetController.csproj", "{D00698F0-3D44-49D9-9EDD-F341A6E0FF37}"
EndProject
Global
	GlobalSection(SolutionConfigurationPlatforms) = preSolution
		Debug|Any CPU = Debug|Any CPU
		Release|Any CPU = Release|Any CPU
	EndGlobalSection
	GlobalSection(ProjectConfigurationPlatforms) = postSolution
		{391877C6-29E5-4667-9E1C-629594FAE734}.Debug|Any CPU.ActiveCfg = Debug|Any CPU
		{391877C6-29E5-4667-9E1C-629594FAE734}.Debug|Any CPU.Build.0 = Debug|Any CPU
		{391877C6-29E5-4667-9E1C-629594FAE734}.Release|Any CPU.ActiveCfg = Release|Any CPU
		{391877C6-29E5-4667-9E1C-629594FAE734}.Release|Any CPU.Build.0 = Release|Any CPU
		{E910E654-5FDB-487F-B511-F84F31E12046}.Debug|Any CPU.ActiveCfg = Debug|Any CPU
		{E910E654-5FDB-487F-B511-F84F31E12046}.Debug|Any CPU.Build.0 = Debug|Any CPU
		{E910E654-5FDB-487F-B511-F84F31E12046}.Release|Any CPU.ActiveCfg = Release|Any CPU
		{E910E654-5FDB-487F-B511-F84F31E12046}.Release|Any CPU.Build.0 = Release|Any CPU
		{2CB7296A-5ADC-467A-8D7F-14BDBF53CFFB}.Debug|Any CPU.ActiveCfg = Debug|Any CPU
		{2CB7296A-5ADC-467A-8D7F-14BDBF53CFFB}.Debug|Any CPU.Build.0 = Debug|Any CPU
		{2CB7296A-5ADC-467A-8D7F-14BDBF53CFFB}.Release|Any CPU.ActiveCfg = Release|Any CPU
		{2CB7296A-5ADC-467A-8D7F-14BDBF53CFFB}.Release|Any CPU.Build.0 = Release|Any CPU
		{9D206523-9769-4F02-AC3B-72292397BEEA}.Debug|Any CPU.ActiveCfg = Debug|Any CPU
		{9D206523-9769-4F02-AC3B-72292397BEEA}.Debug|Any CPU.Build.0 = Debug|Any CPU
		{9D206523-9769-4F02-AC3B-72292397BEEA}.Release|Any CPU.ActiveCfg = Release|Any CPU
		{9D206523-9769-4F02-AC3B-72292397BEEA}.Release|Any CPU.Build.0 = Release|Any CPU
		{AFB9B79C-9621-48E1-86DF-25DF4B1308F7}.Debug|Any CPU.ActiveCfg = Debug|Any CPU
		{AFB9B79C-9621-48E1-86DF-25DF4B1308F7}.Debug|Any CPU.Build.0 = Debug|Any CPU
		{AFB9B79C-9621-48E1-86DF-25DF4B1308F7}.Release|Any CPU.ActiveCfg = Release|Any CPU
		{AFB9B79C-9621-48E1-86DF-25DF4B1308F7}.Release|Any CPU.Build.0 = Release|Any CPU
		{3EB33E37-9F21-4FA2-9F43-F0E780AA4E70}.Debug|Any CPU.ActiveCfg = Debug|Any CPU
		{3EB33E37-9F21-4FA2-9F43-F0E780AA4E70}.Debug|Any CPU.Build.0 = Debug|Any CPU
		{3EB33E37-9F21-4FA2-9F43-F0E780AA4E70}.Release|Any CPU.ActiveCfg = Release|Any CPU
		{3EB33E37-9F21-4FA2-9F43-F0E780AA4E70}.Release|Any CPU.Build.0 = Release|Any CPU
		{F0B7694C-73AC-441F-BC5F-56C3BE69AD26}.Debug|Any CPU.ActiveCfg = Debug|Any CPU
		{F0B7694C-73AC-441F-BC5F-56C3BE69AD26}.Debug|Any CPU.Build.0 = Debug|Any CPU
		{F0B7694C-73AC-441F-BC5F-56C3BE69AD26}.Release|Any CPU.ActiveCfg = Release|Any CPU
		{F0B7694C-73AC-441F-BC5F-56C3BE69AD26}.Release|Any CPU.Build.0 = Release|Any CPU
		{23D53310-9ED3-4DA3-B74A-C397F00390FB}.Debug|Any CPU.ActiveCfg = Debug|Any CPU
		{23D53310-9ED3-4DA3-B74A-C397F00390FB}.Debug|Any CPU.Build.0 = Debug|Any CPU
		{23D53310-9ED3-4DA3-B74A-C397F00390FB}.Release|Any CPU.ActiveCfg = Release|Any CPU
		{23D53310-9ED3-4DA3-B74A-C397F00390FB}.Release|Any CPU.Build.0 = Release|Any CPU
		{8186875B-B1D8-406E-B334-D52213B7E212}.Debug|Any CPU.ActiveCfg = Debug|Any CPU
		{8186875B-B1D8-406E-B334-D52213B7E212}.Debug|Any CPU.Build.0 = Debug|Any CPU
		{8186875B-B1D8-406E-B334-D52213B7E212}.Release|Any CPU.ActiveCfg = Release|Any CPU
		{8186875B-B1D8-406E-B334-D52213B7E212}.Release|Any CPU.Build.0 = Release|Any CPU
		{C2A99EB0-E146-4121-95F2-30C45B898C93}.Debug|Any CPU.ActiveCfg = Debug|Any CPU
		{C2A99EB0-E146-4121-95F2-30C45B898C93}.Debug|Any CPU.Build.0 = Debug|Any CPU
		{C2A99EB0-E146-4121-95F2-30C45B898C93}.Release|Any CPU.ActiveCfg = Release|Any CPU
		{C2A99EB0-E146-4121-95F2-30C45B898C93}.Release|Any CPU.Build.0 = Release|Any CPU
		{D00698F0-3D44-49D9-9EDD-F341A6E0FF37}.Debug|Any CPU.ActiveCfg = Debug|Any CPU
		{D00698F0-3D44-49D9-9EDD-F341A6E0FF37}.Debug|Any CPU.Build.0 = Debug|Any CPU
		{D00698F0-3D44-49D9-9EDD-F341A6E0FF37}.Release|Any CPU.ActiveCfg = Release|Any CPU
		{D00698F0-3D44-49D9-9EDD-F341A6E0FF37}.Release|Any CPU.Build.0 = Release|Any CPU
	EndGlobalSection
	GlobalSection(SolutionProperties) = preSolution
		HideSolutionNode = FALSE
	EndGlobalSection
	GlobalSection(ExtensibilityGlobals) = postSolution
		SolutionGuid = {347EB155-9466-44D6-9D59-31FD637BCB07}
	EndGlobalSection
EndGlobal
